
Microsoft Visual Studio Solution File, Format Version 12.00
Project("{FAE04EC0-301F-11D3-BF4B-00C04F79EFBC}") = "Bookish", "Bookish\Bookish.csproj", "{A86681FF-2607-43F9-A69A-432D45362227}"
EndProject
Project("{FAE04EC0-301F-11D3-BF4B-00C04F79EFBC}") = "Bookish.DataAccess", "Bookish.DataAccess\Bookish.DataAccess.csproj", "{974A839E-828E-4E21-B381-4E42D746CF34}"
EndProject
Global
	GlobalSection(SolutionConfigurationPlatforms) = preSolution
		Debug|Any CPU = Debug|Any CPU
		Release|Any CPU = Release|Any CPU
	EndGlobalSection
	GlobalSection(ProjectConfigurationPlatforms) = postSolution
		{A86681FF-2607-43F9-A69A-432D45362227}.Debug|Any CPU.ActiveCfg = Debug|Any CPU
		{A86681FF-2607-43F9-A69A-432D45362227}.Debug|Any CPU.Build.0 = Debug|Any CPU
		{A86681FF-2607-43F9-A69A-432D45362227}.Release|Any CPU.ActiveCfg = Release|Any CPU
		{A86681FF-2607-43F9-A69A-432D45362227}.Release|Any CPU.Build.0 = Release|Any CPU
		{974A839E-828E-4E21-B381-4E42D746CF34}.Debug|Any CPU.ActiveCfg = Debug|Any CPU
		{974A839E-828E-4E21-B381-4E42D746CF34}.Debug|Any CPU.Build.0 = Debug|Any CPU
		{974A839E-828E-4E21-B381-4E42D746CF34}.Release|Any CPU.ActiveCfg = Release|Any CPU
		{974A839E-828E-4E21-B381-4E42D746CF34}.Release|Any CPU.Build.0 = Release|Any CPU
	EndGlobalSection
EndGlobal
